
Microsoft Visual Studio Solution File, Format Version 12.00
# Visual Studio Version 16
VisualStudioVersion = 16.0.31702.278
MinimumVisualStudioVersion = 10.0.40219.1
Project("{FAE04EC0-301F-11D3-BF4B-00C04F79EFBC}") = "FitnessAppAlone", "FitnessAppAlone\FitnessAppAlone.csproj", "{9E945933-6BF6-4F5F-B1D7-06D8692BA235}"
EndProject
Project("{FAE04EC0-301F-11D3-BF4B-00C04F79EFBC}") = "Model", "Model\Model.csproj", "{AF2FBE33-278F-4DF2-A341-CB57537BA801}"
EndProject
Project("{FAE04EC0-301F-11D3-BF4B-00C04F79EFBC}") = "DataStorage", "DataStorage\DataStorage.csproj", "{4C63A3FC-95E4-4FC3-A2AD-CACDF792C9FB}"
EndProject
Project("{FAE04EC0-301F-11D3-BF4B-00C04F79EFBC}") = "Funktion", "Funktion\Funktion.csproj", "{14A8F8E4-1ABD-4735-99A6-C718187301B0}"
EndProject
Global
	GlobalSection(SolutionConfigurationPlatforms) = preSolution
		Debug|Any CPU = Debug|Any CPU
		Release|Any CPU = Release|Any CPU
	EndGlobalSection
	GlobalSection(ProjectConfigurationPlatforms) = postSolution
		{9E945933-6BF6-4F5F-B1D7-06D8692BA235}.Debug|Any CPU.ActiveCfg = Debug|Any CPU
		{9E945933-6BF6-4F5F-B1D7-06D8692BA235}.Debug|Any CPU.Build.0 = Debug|Any CPU
		{9E945933-6BF6-4F5F-B1D7-06D8692BA235}.Release|Any CPU.ActiveCfg = Release|Any CPU
		{9E945933-6BF6-4F5F-B1D7-06D8692BA235}.Release|Any CPU.Build.0 = Release|Any CPU
		{AF2FBE33-278F-4DF2-A341-CB57537BA801}.Debug|Any CPU.ActiveCfg = Debug|Any CPU
		{AF2FBE33-278F-4DF2-A341-CB57537BA801}.Debug|Any CPU.Build.0 = Debug|Any CPU
		{AF2FBE33-278F-4DF2-A341-CB57537BA801}.Release|Any CPU.ActiveCfg = Release|Any CPU
		{AF2FBE33-278F-4DF2-A341-CB57537BA801}.Release|Any CPU.Build.0 = Release|Any CPU
		{4C63A3FC-95E4-4FC3-A2AD-CACDF792C9FB}.Debug|Any CPU.ActiveCfg = Debug|Any CPU
		{4C63A3FC-95E4-4FC3-A2AD-CACDF792C9FB}.Debug|Any CPU.Build.0 = Debug|Any CPU
		{4C63A3FC-95E4-4FC3-A2AD-CACDF792C9FB}.Release|Any CPU.ActiveCfg = Release|Any CPU
		{4C63A3FC-95E4-4FC3-A2AD-CACDF792C9FB}.Release|Any CPU.Build.0 = Release|Any CPU
		{14A8F8E4-1ABD-4735-99A6-C718187301B0}.Debug|Any CPU.ActiveCfg = Debug|Any CPU
		{14A8F8E4-1ABD-4735-99A6-C718187301B0}.Debug|Any CPU.Build.0 = Debug|Any CPU
		{14A8F8E4-1ABD-4735-99A6-C718187301B0}.Release|Any CPU.ActiveCfg = Release|Any CPU
		{14A8F8E4-1ABD-4735-99A6-C718187301B0}.Release|Any CPU.Build.0 = Release|Any CPU
	EndGlobalSection
	GlobalSection(SolutionProperties) = preSolution
		HideSolutionNode = FALSE
	EndGlobalSection
	GlobalSection(ExtensibilityGlobals) = postSolution
		SolutionGuid = {4A19096D-0777-448D-8F0D-5B8CEAFDDDF8}
	EndGlobalSection
EndGlobal
